
Microsoft Visual Studio Solution File, Format Version 12.00
# Visual Studio Version 17
VisualStudioVersion = 17.5.33516.290
MinimumVisualStudioVersion = 10.0.40219.1
Project("{9A19103F-16F7-4668-BE54-9A1E7A4F7556}") = "final_repo_test", "final_repo_test\final_repo_test.csproj", "{26DB1B8B-FA21-46E1-9A95-49D5149492C0}"
EndProject
Project("{9A19103F-16F7-4668-BE54-9A1E7A4F7556}") = "ClassLibrary", "ClassLibrary\ClassLibrary.csproj", "{2268A171-C557-4AC3-AB29-72842AB066B5}"
EndProject
Project("{FAE04EC0-301F-11D3-BF4B-00C04F79EFBC}") = "ChickenLife", "ChickenLife\ChickenLife.csproj", "{DD7F84F3-424C-4907-906D-1EC316EE9326}"
EndProject
Global
	GlobalSection(SolutionConfigurationPlatforms) = preSolution
		Debug|Any CPU = Debug|Any CPU
		Release|Any CPU = Release|Any CPU
	EndGlobalSection
	GlobalSection(ProjectConfigurationPlatforms) = postSolution
		{26DB1B8B-FA21-46E1-9A95-49D5149492C0}.Debug|Any CPU.ActiveCfg = Debug|Any CPU
		{26DB1B8B-FA21-46E1-9A95-49D5149492C0}.Debug|Any CPU.Build.0 = Debug|Any CPU
		{26DB1B8B-FA21-46E1-9A95-49D5149492C0}.Release|Any CPU.ActiveCfg = Release|Any CPU
		{26DB1B8B-FA21-46E1-9A95-49D5149492C0}.Release|Any CPU.Build.0 = Release|Any CPU
		{2268A171-C557-4AC3-AB29-72842AB066B5}.Debug|Any CPU.ActiveCfg = Debug|Any CPU
		{2268A171-C557-4AC3-AB29-72842AB066B5}.Debug|Any CPU.Build.0 = Debug|Any CPU
		{2268A171-C557-4AC3-AB29-72842AB066B5}.Release|Any CPU.ActiveCfg = Release|Any CPU
		{2268A171-C557-4AC3-AB29-72842AB066B5}.Release|Any CPU.Build.0 = Release|Any CPU
		{DD7F84F3-424C-4907-906D-1EC316EE9326}.Debug|Any CPU.ActiveCfg = Debug|Any CPU
		{DD7F84F3-424C-4907-906D-1EC316EE9326}.Debug|Any CPU.Build.0 = Debug|Any CPU
		{DD7F84F3-424C-4907-906D-1EC316EE9326}.Release|Any CPU.ActiveCfg = Release|Any CPU
		{DD7F84F3-424C-4907-906D-1EC316EE9326}.Release|Any CPU.Build.0 = Release|Any CPU
	EndGlobalSection
	GlobalSection(SolutionProperties) = preSolution
		HideSolutionNode = FALSE
	EndGlobalSection
	GlobalSection(ExtensibilityGlobals) = postSolution
		SolutionGuid = {5E70B74A-9789-4E58-956E-67E3E2C7D358}
	EndGlobalSection
EndGlobal
