
Microsoft Visual Studio Solution File, Format Version 12.00
# Visual Studio Version 17
VisualStudioVersion = 17.5.33516.290
MinimumVisualStudioVersion = 10.0.40219.1
Project("{54A90642-561A-4BB1-A94E-469ADEE60C69}") = "vueapp", "vueapp\vueapp.esproj", "{F9CAF507-2F82-4483-B016-387C358EAA0F}"
EndProject
Project("{9A19103F-16F7-4668-BE54-9A1E7A4F7556}") = "webapi", "webapi\webapi.csproj", "{1CED2152-F52E-4BB8-87C3-5C741B609D13}"
EndProject
Global
	GlobalSection(SolutionConfigurationPlatforms) = preSolution
		Debug|Any CPU = Debug|Any CPU
		Release|Any CPU = Release|Any CPU
	EndGlobalSection
	GlobalSection(ProjectConfigurationPlatforms) = postSolution
		{F9CAF507-2F82-4483-B016-387C358EAA0F}.Debug|Any CPU.ActiveCfg = Debug|Any CPU
		{F9CAF507-2F82-4483-B016-387C358EAA0F}.Debug|Any CPU.Build.0 = Debug|Any CPU
		{F9CAF507-2F82-4483-B016-387C358EAA0F}.Debug|Any CPU.Deploy.0 = Debug|Any CPU
		{F9CAF507-2F82-4483-B016-387C358EAA0F}.Release|Any CPU.ActiveCfg = Release|Any CPU
		{F9CAF507-2F82-4483-B016-387C358EAA0F}.Release|Any CPU.Build.0 = Release|Any CPU
		{F9CAF507-2F82-4483-B016-387C358EAA0F}.Release|Any CPU.Deploy.0 = Release|Any CPU
		{1CED2152-F52E-4BB8-87C3-5C741B609D13}.Debug|Any CPU.ActiveCfg = Debug|Any CPU
		{1CED2152-F52E-4BB8-87C3-5C741B609D13}.Debug|Any CPU.Build.0 = Debug|Any CPU
		{1CED2152-F52E-4BB8-87C3-5C741B609D13}.Release|Any CPU.ActiveCfg = Release|Any CPU
		{1CED2152-F52E-4BB8-87C3-5C741B609D13}.Release|Any CPU.Build.0 = Release|Any CPU
	EndGlobalSection
	GlobalSection(SolutionProperties) = preSolution
		HideSolutionNode = FALSE
	EndGlobalSection
	GlobalSection(ExtensibilityGlobals) = postSolution
		SolutionGuid = {DF2FFD35-00AF-4771-B7B7-DACC52C1C75F}
	EndGlobalSection
EndGlobal
